%{
  "ash": {:git, "https://github.com/vintrepid/ash_lotus_core.git", "88c3fb4243de5c166ca1a71191bf10f5222813d1", [ref: "88c3fb4243de5c166ca1a71191bf10f5222813d1"]},
  "ash_admin": {:hex, :ash_admin, "1.3.1", "709d9e2f8f0420dccc1c8ddaa86df54b6e93d5eefa5a602aef90e80475d1321a", [:mix], [{:ash, ">= 3.4.63 and < 4.0.0-0", [hex: :ash, repo: "hexpm", optional: false]}, {:ash_phoenix, ">= 2.3.20 and < 3.0.0-0", [hex: :ash_phoenix, repo: "hexpm", optional: false]}, {:cinder, "~> 0.9", [hex: :cinder, repo: "hexpm", optional: false]}, {:gettext, "~> 0.26 or ~> 1.0", [hex: :gettext, repo: "hexpm", optional: false]}, {:jason, "~> 1.0", [hex: :jason, repo: "hexpm", optional: false]}, {:phoenix, "~> 1.7", [hex: :phoenix, repo: "hexpm", optional: false]}, {:phoenix_html, "~> 4.1", [hex: :phoenix_html, repo: "hexpm", optional: false]}, {:phoenix_live_view, "~> 1.1-rc", [hex: :phoenix_live_view, repo: "hexpm", optional: false]}, {:phoenix_view, "~> 2.0", [hex: :phoenix_view, repo: "hexpm", optional: false]}], "hexpm", "998681c024f10272f196482f6521dd58ce060d8e228c9e96ca43d6db10d12586"},
  "ash_ai": {:hex, :ash_ai, "1.0.0", "25eb3f5d71c3afff06f0fe265ee5af7c141f320c1d009dedb22a1dd91dfd15e2", [:mix], [{:ash, ">= 3.7.1 and < 4.0.0-0", [hex: :ash, repo: "hexpm", optional: false]}, {:ash_authentication, "~> 4.8 or ~> 5.0-rc", [hex: :ash_authentication, repo: "hexpm", optional: true]}, {:ash_json_api, ">= 1.4.27 and < 2.0.0-0", [hex: :ash_json_api, repo: "hexpm", optional: false]}, {:ash_oban, "~> 0.5", [hex: :ash_oban, repo: "hexpm", optional: true]}, {:ash_phoenix, "~> 2.0", [hex: :ash_phoenix, repo: "hexpm", optional: true]}, {:ash_postgres, "~> 2.5", [hex: :ash_postgres, repo: "hexpm", optional: true]}, {:igniter, "~> 0.5", [hex: :igniter, repo: "hexpm", optional: true]}, {:open_api_spex, "~> 3.0", [hex: :open_api_spex, repo: "hexpm", optional: false]}, {:phx_new, "~> 1.7", [hex: :phx_new, repo: "hexpm", optional: true]}, {:plug, "~> 1.17", [hex: :plug, repo: "hexpm", optional: true]}, {:req_llm, "~> 1.7", [hex: :req_llm, repo: "hexpm", optional: true]}], "hexpm", "e9fdf9064184b6441a989c7a02acfb24d100c36e83a45054b286b76477e7612d"},
  "ash_archival": {:hex, :ash_archival, "2.0.3", "40590162ece428c097e98da8c5b8c7cb073b6af72fd1acf7ba5b36f3d731df4d", [:mix], [{:ash, ">= 3.0.5 and < 4.0.0-0", [hex: :ash, repo: "hexpm", optional: false]}], "hexpm", "33f3f3006aef7e4271573c85db4e9422b5e1b0d7cfb110f52732d5004cafa62a"},
  "ash_authentication": {:git, "https://github.com/vintrepid/ash_authentication.git", "f39c0add31582ba158b3097ad4998827ab3bc1b1", [ref: "f39c0add31582ba158b3097ad4998827ab3bc1b1"]},
  "ash_authentication_phoenix": {:hex, :ash_authentication_phoenix, "2.17.3", "22c601ee1aecc7cdede90a974af0c948083897630f51e3d571fd1b1104d7edc2", [:mix], [{:ash, "~> 3.0", [hex: :ash, repo: "hexpm", optional: false]}, {:ash_authentication, "~> 4.10", [hex: :ash_authentication, repo: "hexpm", optional: false]}, {:ash_phoenix, ">= 2.3.11 and < 3.0.0-0", [hex: :ash_phoenix, repo: "hexpm", optional: false]}, {:bcrypt_elixir, "~> 3.0", [hex: :bcrypt_elixir, repo: "hexpm", optional: false]}, {:gettext, "~> 0.26 or ~> 1.0", [hex: :gettext, repo: "hexpm", optional: true]}, {:igniter, ">= 0.5.25 and < 1.0.0-0", [hex: :igniter, repo: "hexpm", optional: true]}, {:jason, "~> 1.0", [hex: :jason, repo: "hexpm", optional: false]}, {:phoenix, "~> 1.6", [hex: :phoenix, repo: "hexpm", optional: false]}, {:phoenix_html, "~> 4.0", [hex: :phoenix_html, repo: "hexpm", optional: false]}, {:phoenix_html_helpers, "~> 1.0", [hex: :phoenix_html_helpers, repo: "hexpm", optional: false]}, {:phoenix_live_view, "~> 1.1", [hex: :phoenix_live_view, repo: "hexpm", optional: false]}, {:phoenix_view, "~> 2.0", [hex: :phoenix_view, repo: "hexpm", optional: false]}, {:slugify, "~> 1.3", [hex: :slugify, repo: "hexpm", optional: false]}], "hexpm", "5a1077cfcaee3c07f96347e8ad88eb962b76faa0234c4db7d62e11eb7070be6d"},
  "ash_cloak": {:hex, :ash_cloak, "0.4.0", "9d8ec53070f7b0befa3a9a8002872d425debc806bed7887ffdd8ded1e2ed8e6f", [:mix], [{:ash, "~> 3.26", [hex: :ash, repo: "hexpm", optional: false]}], "hexpm", "d55bde03e90f8e31436ebec069681cbdab0875de52efe0939e5e2c3f32b91efd"},
  "ash_json_api": {:hex, :ash_json_api, "1.7.1", "d2f83d982dd15c0f246f46665f254678ac835a510bf8c2366132312183a2dc24", [:mix], [{:ash, ">= 3.19.1 and < 4.0.0-0", [hex: :ash, repo: "hexpm", optional: false]}, {:igniter, ">= 0.3.58 and < 1.0.0-0", [hex: :igniter, repo: "hexpm", optional: true]}, {:jason, "~> 1.1", [hex: :jason, repo: "hexpm", optional: false]}, {:json_xema, "~> 0.4", [hex: :json_xema, repo: "hexpm", optional: false]}, {:open_api_spex, "~> 3.16", [hex: :open_api_spex, repo: "hexpm", optional: true]}, {:phoenix, "~> 1.6", [hex: :phoenix, repo: "hexpm", optional: false]}, {:plug, "~> 1.11", [hex: :plug, repo: "hexpm", optional: false]}, {:spark, ">= 2.2.10", [hex: :spark, repo: "hexpm", optional: false]}], "hexpm", "0ff72b51d99c93f7ee655d2d5e10b29f5561ad36a0ee11dadcbcec7a4b995368"},
  "ash_money": {:hex, :ash_money, "0.2.6", "0d25b3517e8b7698700ac62c53c60d8cf1f5114208012b0f47587aba5243556c", [:mix], [{:ash, ">= 3.0.15 and < 4.0.0-0", [hex: :ash, repo: "hexpm", optional: false]}, {:ash_graphql, "~> 1.0", [hex: :ash_graphql, repo: "hexpm", optional: true]}, {:ash_json_api, ">= 1.4.3 and < 2.0.0-0", [hex: :ash_json_api, repo: "hexpm", optional: true]}, {:ash_postgres, "~> 2.0", [hex: :ash_postgres, repo: "hexpm", optional: true]}, {:ex_money, "~> 6.0", [hex: :ex_money, repo: "hexpm", optional: false]}, {:ex_money_sql, "~> 2.0", [hex: :ex_money_sql, repo: "hexpm", optional: true]}, {:igniter, ">= 0.5.30 and < 1.0.0-0", [hex: :igniter, repo: "hexpm", optional: true]}], "hexpm", "180b516f509357a866f6d4fe3811f44a50c3e795c0f8430ff37ff508f89924a9"},
  "ash_oban": {:hex, :ash_oban, "0.8.14", "cc3cfc81f87e49275c3db43d3ea3a54f10e70eb37273e224fd8918871681d59d", [:mix], [{:ash, "~> 3.8", [hex: :ash, repo: "hexpm", optional: false]}, {:oban, "~> 2.20", [hex: :oban, repo: "hexpm", optional: false]}, {:postgrex, "~> 0.18", [hex: :postgrex, repo: "hexpm", optional: false]}], "hexpm", "d3002ba8be675257393e6d6719a871c502f39c6c0901bfbeef9eb62c06838279"},
  "ash_paper_trail": {:hex, :ash_paper_trail, "0.7.0", "e1ef9bd4c1bc7ce048683e637700574f043b4c360e2a1189de2e39bc0e2ddb5a", [:mix], [{:ash, ">= 3.5.43 and < 4.0.0-0", [hex: :ash, repo: "hexpm", optional: false]}], "hexpm", "6c2a2153aad2b5568288e06531c5c057aad049fe5d522b6e91a3991cc91fc7d5"},
  "ash_phoenix": {:hex, :ash_phoenix, "2.3.25", "f990b4bbe04217876b48fe4f23b26a35144c01456c6a4f3f4fca6a1a09b15195", [:mix], [{:ash, ">= 3.5.13 and < 4.0.0-0", [hex: :ash, repo: "hexpm", optional: false]}, {:igniter, "~> 0.6", [hex: :igniter, repo: "hexpm", optional: true]}, {:inertia, "~> 2.3", [hex: :inertia, repo: "hexpm", optional: true]}, {:phoenix, "~> 1.5.6 or ~> 1.6", [hex: :phoenix, repo: "hexpm", optional: false]}, {:phoenix_html, "~> 4.0", [hex: :phoenix_html, repo: "hexpm", optional: false]}, {:phoenix_live_view, "~> 0.20.3 or ~> 1.0-rc.1", [hex: :phoenix_live_view, repo: "hexpm", optional: false]}, {:spark, ">= 2.2.29 and < 3.0.0-0", [hex: :spark, repo: "hexpm", optional: false]}], "hexpm", "2ca4039c85041c2f59933a9ae1df20397a6d416772473a7baa5ff7c55df64f06"},
  "ash_postgres": {:hex, :ash_postgres, "2.13.0", "7acb3fd44bf1651716f15e204ef68a7074b02de3cc87f3efd1ff5cf004f241b0", [:mix], [{:ash, "~> 3.32", [hex: :ash, repo: "hexpm", optional: false]}, {:ash_sql, "~> 0.7", [hex: :ash_sql, repo: "hexpm", optional: false]}, {:ecto, "~> 3.13", [hex: :ecto, repo: "hexpm", optional: false]}, {:ecto_sql, "~> 3.13", [hex: :ecto_sql, repo: "hexpm", optional: false]}, {:igniter, ">= 0.6.29 and < 1.0.0-0", [hex: :igniter, repo: "hexpm", optional: true]}, {:jason, "~> 1.0", [hex: :jason, repo: "hexpm", optional: false]}, {:postgrex, ">= 0.0.0", [hex: :postgrex, repo: "hexpm", optional: false]}, {:spark, ">= 2.3.4 and < 3.0.0-0", [hex: :spark, repo: "hexpm", optional: false]}], "hexpm", "01e2c7d419ca279fa35d785a7df62767b02480fec9c6a6bc36d3c44b7066ea78"},
  "ash_sql": {:hex, :ash_sql, "0.7.1", "eb5c3a294d443a2981c9980407750246680e6809756afbe3c1bc674983b655a1", [:mix], [{:ash, "~> 3.32", [hex: :ash, repo: "hexpm", optional: false]}, {:ecto, ">= 3.13.4 and < 4.0.0-0", [hex: :ecto, repo: "hexpm", optional: false]}, {:ecto_sql, "~> 3.9", [hex: :ecto_sql, repo: "hexpm", optional: false]}], "hexpm", "2f3e463a4fea5685cd7e6038cb9c2364bed79ec7c903349f7660d61d3da4a264"},
  "ash_state_machine": {:hex, :ash_state_machine, "0.2.13", "e1c368ebf01ef73477739ee76d53e513d073b141ec11e7bf7f91d8f2d8fc9569", [:mix], [{:ash, ">= 3.4.66 and < 4.0.0-0", [hex: :ash, repo: "hexpm", optional: false]}], "hexpm", "aa21c92a8950850df69b5205bf41efc1e502f5ab839425ba08561f0421c9f226"},
  "assent": {:hex, :assent, "0.2.13", "11226365d2d8661d23e9a2cf94d3255e81054ff9d88ac877f28bfdf38fa4ef31", [:mix], [{:certifi, ">= 0.0.0", [hex: :certifi, repo: "hexpm", optional: true]}, {:finch, "~> 0.15", [hex: :finch, repo: "hexpm", optional: true]}, {:jose, "~> 1.8", [hex: :jose, repo: "hexpm", optional: true]}, {:mint, "~> 1.0", [hex: :mint, repo: "hexpm", optional: true]}, {:req, "~> 0.4", [hex: :req, repo: "hexpm", optional: true]}, {:ssl_verify_fun, ">= 0.0.0", [hex: :ssl_verify_fun, repo: "hexpm", optional: true]}], "hexpm", "bf9f351b01dd6bceea1d1f157f05438f6765ce606e6eb8d29296003d29bf6eab"},
  "bcrypt_elixir": {:hex, :bcrypt_elixir, "3.3.2", "d50091e3c9492d73e17fc1e1619a9b09d6a5ef99160eb4d736926fd475a16ca3", [:make, :mix], [{:comeonin, "~> 5.3", [hex: :comeonin, repo: "hexpm", optional: false]}, {:elixir_make, "~> 0.6", [hex: :elixir_make, repo: "hexpm", optional: false]}], "hexpm", "471be5151874ae7931911057d1467d908955f93554f7a6cd1b7d804cac8cef53"},
  "castore": {:hex, :castore, "1.0.21", "0a0e8330dc267a40a3b7ad86d39302764bb71758172904e6a59d5ad6443ce307", [:mix], [], "hexpm", "e42e22723e25dbd46876d056a03f685513d6e98f6b5e555dc551321decd76c5c"},
  "cinder": {:git, "https://github.com/vintrepid/cinder.git", "a48ad76ee217c47f0742778965334b168439c7b8", [ref: "a48ad76ee217c47f0742778965334b168439c7b8"]},
  "cloak": {:hex, :cloak, "1.1.4", "aba387b22ea4d80d92d38ab1890cc528b06e0e7ef2a4581d71c3fdad59e997e7", [:mix], [{:jason, "~> 1.0", [hex: :jason, repo: "hexpm", optional: true]}], "hexpm", "92b20527b9aba3d939fab0dd32ce592ff86361547cfdc87d74edce6f980eb3d7"},
  "comeonin": {:hex, :comeonin, "5.5.1", "5113e5f3800799787de08a6e0db307133850e635d34e9fab23c70b6501669510", [:mix], [], "hexpm", "65aac8f19938145377cee73973f192c5645873dcf550a8a6b18187d17c13ccdb"},
  "conv_case": {:hex, :conv_case, "0.2.3", "c1455c27d3c1ffcdd5f17f1e91f40b8a0bc0a337805a6e8302f441af17118ed8", [:mix], [], "hexpm", "88f29a3d97d1742f9865f7e394ed3da011abb7c5e8cc104e676fdef6270d4b4a"},
  "crux": {:hex, :crux, "0.1.4", "1fa21f5ca886d3498f83871a3ef19379b80abf8cfcf2ed32007e80279e714f1e", [:mix], [{:picosat_elixir, "~> 0.2", [hex: :picosat_elixir, repo: "hexpm", optional: true]}, {:simple_sat, ">= 0.1.1 and < 1.0.0-0", [hex: :simple_sat, repo: "hexpm", optional: true]}, {:stream_data, "~> 1.0", [hex: :stream_data, repo: "hexpm", optional: true]}], "hexpm", "ff7d880cf732d82360aa81e439b8d4831cd30768061c9233f90c97e10162b9c0"},
  "db_connection": {:hex, :db_connection, "2.10.2", "ae391e803a5adff104da913c2fc1c0c14a37f8b10001dcef568796e1fb7bf95c", [:mix], [{:telemetry, "~> 0.4 or ~> 1.0", [hex: :telemetry, repo: "hexpm", optional: false]}], "hexpm", "510b14482330f1af6490a2fa0efd8d4f1435d1529b165647df22ac0f2df0fa93"},
  "decimal": {:hex, :decimal, "3.1.1", "430d87b04011ce6cbd4fd205be758311a81f87d552d40904abd00f015935b1d0", [:mix], [], "hexpm", "c5f25f2ced74a0587d03e6023f595db8e924c9d3922c8c8ffd9edfc4498cf1f6"},
  "ecto": {:hex, :ecto, "3.14.2", "99db28a864293a789c970651de711e3cae184291e0e7ea1166c54055ac41c1f3", [:mix], [{:decimal, "~> 3.0", [hex: :decimal, repo: "hexpm", optional: false]}, {:jason, "~> 1.0", [hex: :jason, repo: "hexpm", optional: true]}, {:telemetry, "~> 0.4 or ~> 1.0", [hex: :telemetry, repo: "hexpm", optional: false]}], "hexpm", "25d60b8c816a07d19d85b80bdf60978bd8b102209dda198d768cd7c6745339a6"},
  "ecto_sql": {:hex, :ecto_sql, "3.14.0", "06446ab8410d2f85bfbb80857ee224ab3b693700cbb38f6535d507449a627b2e", [:mix], [{:db_connection, "~> 2.9", [hex: :db_connection, repo: "hexpm", optional: false]}, {:decimal, "~> 3.0", [hex: :decimal, repo: "hexpm", optional: false]}, {:ecto, "~> 3.14.0", [hex: :ecto, repo: "hexpm", optional: false]}, {:myxql, "~> 0.8", [hex: :myxql, repo: "hexpm", optional: true]}, {:postgrex, "~> 0.19 or ~> 1.0", [hex: :postgrex, repo: "hexpm", optional: true]}, {:tds, "~> 2.1.1 or ~> 2.2", [hex: :tds, repo: "hexpm", optional: true]}, {:telemetry, "~> 0.4.0 or ~> 1.0", [hex: :telemetry, repo: "hexpm", optional: false]}], "hexpm", "f4d8d36faf294c9417b5a37ec7ac8217ee2abdef5fcf197ba690f361548d3949"},
  "elixir_make": {:hex, :elixir_make, "0.10.0", "16577e2583a79bb79237bbff349619ef5d80afffc07eac6e4faf0d00e2ddaf7d", [:mix], [], "hexpm", "dc1f09fb7fa68866b886abd5f0f3c83553b1a19a52359a899e92af1bb3b31982"},
  "ets": {:hex, :ets, "0.9.0", "79c6a6c205436780486f72d84230c6cba2f8a9920456750ddd1e47389107d5fd", [:mix], [], "hexpm", "2861fdfb04bcaeff370f1a5904eec864f0a56dcfebe5921ea9aadf2a481c822b"},
  "ex_money": {:hex, :ex_money, "6.2.1", "f7f95686d674acf94080b2975c11fab98bea495c8d4dcf02f5636acd3e88fb19", [:mix], [{:decimal, "~> 1.6 or ~> 2.0 or ~> 3.0", [hex: :decimal, repo: "hexpm", optional: false]}, {:digital_token, "~> 2.0", [hex: :digital_token, repo: "hexpm", optional: true]}, {:jason, "~> 1.0", [hex: :jason, repo: "hexpm", optional: true]}, {:localize, "~> 1.0", [hex: :localize, repo: "hexpm", optional: false]}, {:nimble_parsec, "~> 0.5 or ~> 1.0", [hex: :nimble_parsec, repo: "hexpm", optional: false]}, {:phoenix_html, "~> 2.0 or ~> 3.0 or ~> 4.0", [hex: :phoenix_html, repo: "hexpm", optional: true]}], "hexpm", "a5c520eaac7332769b4498dc8ac41ca449f6d4e7b2babdc8d994e71dd10e68b0"},
  "ex_money_sql": {:hex, :ex_money_sql, "2.1.0", "4250cfbbd578d0ea7af67c9bb2294b7fb18fe29dc030927016aaf9cb9b8997ae", [:mix], [{:db_connection, "~> 2.9", [hex: :db_connection, repo: "hexpm", optional: false]}, {:ecto, "~> 3.13", [hex: :ecto, repo: "hexpm", optional: false]}, {:ecto_sql, "~> 3.13", [hex: :ecto_sql, repo: "hexpm", optional: false]}, {:ex_money, "~> 6.2", [hex: :ex_money, repo: "hexpm", optional: false]}, {:localize_sql, "~> 1.0", [hex: :localize_sql, repo: "hexpm", optional: false]}], "hexpm", "9289de82dc744d6cae559b10cb3b53b8f9cb5a00ce46995d35342b464296cc62"},
  "expo": {:hex, :expo, "1.1.1", "4202e1d2ca6e2b3b63e02f69cfe0a404f77702b041d02b58597c00992b601db5", [:mix], [], "hexpm", "5fb308b9cb359ae200b7e23d37c76978673aa1b06e2b3075d814ce12c5811640"},
  "finch": {:hex, :finch, "0.23.0", "e3f9287ac25a8832f848b144c2b57346aac65b205e2e0629a52adfe6507fd837", [:mix], [{:mime, "~> 1.0 or ~> 2.0", [hex: :mime, repo: "hexpm", optional: false]}, {:mint, "~> 1.8", [hex: :mint, repo: "hexpm", optional: false]}, {:nimble_options, "~> 0.4 or ~> 1.0", [hex: :nimble_options, repo: "hexpm", optional: false]}, {:nimble_pool, "~> 1.1", [hex: :nimble_pool, repo: "hexpm", optional: false]}, {:telemetry, "~> 0.4 or ~> 1.0", [hex: :telemetry, repo: "hexpm", optional: false]}], "hexpm", "80e58d3f936f57e3fdf404f83a3642897ae6d9fb642934e46da4d8fe761b99d5"},
  "gettext": {:hex, :gettext, "1.0.2", "5457e1fd3f4abe47b0e13ff85086aabae760497a3497909b8473e0acee57673b", [:mix], [{:expo, "~> 0.5.1 or ~> 1.0", [hex: :expo, repo: "hexpm", optional: false]}], "hexpm", "eab805501886802071ad290714515c8c4a17196ea76e5afc9d06ca85fb1bfeb3"},
  "hpax": {:hex, :hpax, "1.0.4", "777de5d433b0fbdc7c418159c8055910faa8047ffdb3d6b31098d2a46cd7685c", [:mix], [], "hexpm", "afc7cb142ebcc2d01ce7816190b98ce5dd49e799111b24249f3443d730f377ca"},
  "iterex": {:hex, :iterex, "0.1.2", "58f9b9b9a22a55cbfc7b5234a9c9c63eaac26d276b3db80936c0e1c60355a5a6", [:mix], [], "hexpm", "2e103b8bcc81757a9af121f6dc0df312c9a17220f302b1193ef720460d03029d"},
  "jason": {:hex, :jason, "1.4.5", "2e3a008590b0b8d7388c20293e9dcc9cf3e5d642fd2a114e4cbbb52e595d940a", [:mix], [{:decimal, "~> 1.0 or ~> 2.0 or ~> 3.0", [hex: :decimal, repo: "hexpm", optional: true]}], "hexpm", "b0c823996102bcd0239b3c2444eb00409b72f6a140c1950bc8b457d836b30684"},
  "joken": {:hex, :joken, "2.7.0", "a9fd87805b1b58313435c04b950857d7557f019b157d503dc4783006e4e80ed1", [:mix], [{:jose, "~> 1.11.12", [hex: :jose, repo: "hexpm", optional: false]}], "hexpm", "ffd0d92e12dbf497311386b75f9b5027d370e32c74f6e5576804d3a9eed668ab"},
  "jose": {:hex, :jose, "1.11.12", "06e62b467b61d3726cbc19e9b5489f7549c37993de846dfb3ee8259f9ed208b3", [:mix, :rebar3], [], "hexpm", "31e92b653e9210b696765cdd885437457de1add2a9011d92f8cf63e4641bab7b"},
  "journal_ash": {:git, "https://github.com/vintrepid/journal_ash.git", "5b151a68dffc62e564bef11f5865b212ab80a339", [ref: "5b151a68dffc62e564bef11f5865b212ab80a339"]},
  "json_xema": {:hex, :json_xema, "0.6.5", "060459c9c9152650edb4427b1acbc61fa43a23bcea0301d200cafa76e0880f37", [:mix], [{:conv_case, "~> 0.2", [hex: :conv_case, repo: "hexpm", optional: false]}, {:xema, "~> 0.16", [hex: :xema, repo: "hexpm", optional: false]}], "hexpm", "b8ffdbc2f67aa8b91b44e1ba0ab77eb5c0b0142116f8fbb804977fb939d470ef"},
  "localize": {:hex, :localize, "1.2.0", "922a31c70c0e78295ce52ed689ddb81a3d9d26b73c124e112555967df9a4fb57", [:mix], [{:decimal, "~> 2.0 or ~> 3.0", [hex: :decimal, repo: "hexpm", optional: false]}, {:elixir_make, "~> 0.4", [hex: :elixir_make, repo: "hexpm", optional: true]}, {:gettext, "~> 1.0", [hex: :gettext, repo: "hexpm", optional: false]}, {:nimble_parsec, "~> 1.0", [hex: :nimble_parsec, repo: "hexpm", optional: false]}], "hexpm", "3f2e79352357e2dc4b276848f781c025bbab391297109d872f497334fbfa6bab"},
  "localize_sql": {:hex, :localize_sql, "1.0.1", "ee8ca718c7dae436bae46b259e6099139a125d44c0f4069807caab8be5ed66fe", [:mix], [{:ecto, "~> 3.12", [hex: :ecto, repo: "hexpm", optional: false]}, {:ecto_sql, "~> 3.12", [hex: :ecto_sql, repo: "hexpm", optional: true]}, {:elixir_make, "~> 0.8", [hex: :elixir_make, repo: "hexpm", optional: true]}, {:localize, "~> 1.0", [hex: :localize, repo: "hexpm", optional: false]}, {:postgrex, "~> 0.20", [hex: :postgrex, repo: "hexpm", optional: true]}], "hexpm", "ae07138b71b126e718b210c1d8e3f8314ba997656f09019fe833c54b9b9ba74b"},
  "mime": {:hex, :mime, "2.0.7", "b8d739037be7cd402aee1ba0306edfdef982687ee7e9859bee6198c1e7e2f128", [:mix], [], "hexpm", "6171188e399ee16023ffc5b76ce445eb6d9672e2e241d2df6050f3c771e80ccd"},
  "mint": {:hex, :mint, "1.10.0", "85af3353bfc504f5bdfe494bd92b8490f87a306dc659ee1ad0af435107e898dc", [:mix], [{:castore, "~> 0.1.0 or ~> 1.0", [hex: :castore, repo: "hexpm", optional: true]}, {:hpax, "~> 0.1.1 or ~> 0.2.0 or ~> 1.0", [hex: :hpax, repo: "hexpm", optional: false]}], "hexpm", "8b16fb72aaa7531d206a1f05e4cc85509ba531ccec7a17a22736c9c95cbb24d1"},
  "multigraph": {:hex, :multigraph, "0.16.1-mg.4", "2bbe149f5411b0e3bf0624c7bf2e3da2738efeac2f9a67bbbcb807ab171f0a76", [:mix], [], "hexpm", "b9f3e2577cef4658eeedf97c76d22a86d33a7aab702a93c1da9c122e849e9037"},
  "nimble_options": {:hex, :nimble_options, "1.1.1", "e3a492d54d85fc3fd7c5baf411d9d2852922f66e69476317787a7b2bb000a61b", [:mix], [], "hexpm", "821b2470ca9442c4b6984882fe9bb0389371b8ddec4d45a9504f00a66f650b44"},
  "nimble_parsec": {:hex, :nimble_parsec, "1.4.2", "8efba0122db06df95bfaa78f791344a89352ba04baedd3849593bfce4d0dc1c6", [:mix], [], "hexpm", "4b21398942dda052b403bbe1da991ccd03a053668d147d53fb8c4e0efe09c973"},
  "nimble_pool": {:hex, :nimble_pool, "1.1.0", "bf9c29fbdcba3564a8b800d1eeb5a3c58f36e1e11d7b7fb2e084a643f645f06b", [:mix], [], "hexpm", "af2e4e6b34197db81f7aad230c1118eac993acc0dae6bc83bac0126d4ae0813a"},
  "oban": {:hex, :oban, "2.24.1", "2a609c54697ad2c44ba339df30491df2a40eda0758c95b5b879426e4e478bd1f", [:mix], [{:ecto_sql, "~> 3.10", [hex: :ecto_sql, repo: "hexpm", optional: false]}, {:ecto_sqlite3, "~> 0.9", [hex: :ecto_sqlite3, repo: "hexpm", optional: true]}, {:igniter, "~> 0.5", [hex: :igniter, repo: "hexpm", optional: true]}, {:jason, "~> 1.1", [hex: :jason, repo: "hexpm", optional: true]}, {:myxql, "~> 0.7", [hex: :myxql, repo: "hexpm", optional: true]}, {:postgrex, "~> 0.20", [hex: :postgrex, repo: "hexpm", optional: true]}, {:telemetry, "~> 1.3", [hex: :telemetry, repo: "hexpm", optional: false]}], "hexpm", "ef8482472cf198554400b7f8e36a0ffee75c3a64de425d5c7ee625d271925ac7"},
  "open_api_spex": {:hex, :open_api_spex, "3.22.4", "00d8f32676b459080a860b81d777a8010e61dfa333f54175dcf51dd6f35a0fac", [:mix], [{:decimal, "~> 1.0 or ~> 2.0 or ~> 3.0", [hex: :decimal, repo: "hexpm", optional: true]}, {:jason, "~> 1.0", [hex: :jason, repo: "hexpm", optional: true]}, {:plug, "~> 1.7", [hex: :plug, repo: "hexpm", optional: false]}, {:poison, "~> 3.0 or ~> 4.0 or ~> 5.0 or ~> 6.0", [hex: :poison, repo: "hexpm", optional: true]}, {:ymlr, "~> 2.0 or ~> 3.0 or ~> 4.0 or ~> 5.0", [hex: :ymlr, repo: "hexpm", optional: true]}], "hexpm", "f658d73396e2277e584085a6146481eb085d815a716089defe4f94b26cf8b05f"},
  "phoenix": {:hex, :phoenix, "1.8.13", "e33192826d9bed4022bdb3f5a7b36c04362049d9390fd1b581d5ad6261779268", [:mix], [{:bandit, "~> 1.0", [hex: :bandit, repo: "hexpm", optional: true]}, {:jason, "~> 1.0", [hex: :jason, repo: "hexpm", optional: true]}, {:phoenix_pubsub, "~> 2.1", [hex: :phoenix_pubsub, repo: "hexpm", optional: false]}, {:phoenix_template, "~> 1.0", [hex: :phoenix_template, repo: "hexpm", optional: false]}, {:phoenix_view, "~> 2.0", [hex: :phoenix_view, repo: "hexpm", optional: true]}, {:plug, "~> 1.14", [hex: :plug, repo: "hexpm", optional: false]}, {:plug_cowboy, "~> 2.7", [hex: :plug_cowboy, repo: "hexpm", optional: true]}, {:plug_crypto, "~> 2.2", [hex: :plug_crypto, repo: "hexpm", optional: false]}, {:telemetry, "~> 0.4 or ~> 1.0", [hex: :telemetry, repo: "hexpm", optional: false]}, {:websock_adapter, "~> 0.5", [hex: :websock_adapter, repo: "hexpm", optional: false]}], "hexpm", "ad14e24d10e5a52d5f80429053bbe3a5d124311a2868fceb0a01a2e859c44539"},
  "phoenix_html": {:hex, :phoenix_html, "4.3.0", "d3577a5df4b6954cd7890c84d955c470b5310bb49647f0a114a6eeecc850f7ad", [:mix], [], "hexpm", "3eaa290a78bab0f075f791a46a981bbe769d94bc776869f4f3063a14f30497ad"},
  "phoenix_html_helpers": {:hex, :phoenix_html_helpers, "1.0.1", "7eed85c52eff80a179391036931791ee5d2f713d76a81d0d2c6ebafe1e11e5ec", [:mix], [{:phoenix_html, "~> 4.0", [hex: :phoenix_html, repo: "hexpm", optional: false]}, {:plug, "~> 1.5", [hex: :plug, repo: "hexpm", optional: true]}], "hexpm", "cffd2385d1fa4f78b04432df69ab8da63dc5cf63e07b713a4dcf36a3740e3090"},
  "phoenix_live_view": {:hex, :phoenix_live_view, "1.2.11", "1c83fdfd007e8d554076baee00ee6f55bb9c87ad9439f33ee520e47ae4a983bb", [:mix], [{:igniter, ">= 0.6.16 and < 1.0.0-0", [hex: :igniter, repo: "hexpm", optional: true]}, {:jason, "~> 1.0", [hex: :jason, repo: "hexpm", optional: true]}, {:lazy_html, "~> 0.1.0", [hex: :lazy_html, repo: "hexpm", optional: true]}, {:phoenix, "~> 1.6.15 or ~> 1.7.0 or ~> 1.8.0", [hex: :phoenix, repo: "hexpm", optional: false]}, {:phoenix_html, "~> 3.3 or ~> 4.0", [hex: :phoenix_html, repo: "hexpm", optional: false]}, {:phoenix_template, "~> 1.0", [hex: :phoenix_template, repo: "hexpm", optional: false]}, {:phoenix_view, "~> 2.0", [hex: :phoenix_view, repo: "hexpm", optional: true]}, {:plug, "~> 1.15", [hex: :plug, repo: "hexpm", optional: false]}, {:telemetry, "~> 0.4.2 or ~> 1.0", [hex: :telemetry, repo: "hexpm", optional: false]}], "hexpm", "c4087267cbd4dc4ed7ac36512a97830af8e9c857ca7cb22557f8640fc5f9d306"},
  "phoenix_pubsub": {:hex, :phoenix_pubsub, "2.3.0", "03916bfbc31a5121945b3cfffe5aec647a5c97fe1dc172a319b94428562359c9", [:mix], [], "hexpm", "eec7be6e9cf02e2551d389b558402d6c637cd3973796326e7ba4bb03c6b2e91d"},
  "phoenix_template": {:hex, :phoenix_template, "1.0.4", "e2092c132f3b5e5b2d49c96695342eb36d0ed514c5b252a77048d5969330d639", [:mix], [{:phoenix_html, "~> 2.14.2 or ~> 3.0 or ~> 4.0", [hex: :phoenix_html, repo: "hexpm", optional: true]}], "hexpm", "2c0c81f0e5c6753faf5cca2f229c9709919aba34fab866d3bc05060c9c444206"},
  "phoenix_view": {:hex, :phoenix_view, "2.0.4", "b45c9d9cf15b3a1af5fb555c674b525391b6a1fe975f040fb4d913397b31abf4", [:mix], [{:phoenix_html, "~> 2.14.2 or ~> 3.0 or ~> 4.0", [hex: :phoenix_html, repo: "hexpm", optional: true]}, {:phoenix_template, "~> 1.0", [hex: :phoenix_template, repo: "hexpm", optional: false]}], "hexpm", "4e992022ce14f31fe57335db27a28154afcc94e9983266835bb3040243eb620b"},
  "plug": {:hex, :plug, "1.20.3", "56c480c633ec2ce10140e236e15233bf576e1d323887d7c96711bd02ab5160db", [:mix], [{:mime, "~> 1.0 or ~> 2.0", [hex: :mime, repo: "hexpm", optional: false]}, {:plug_crypto, "~> 1.1.1 or ~> 1.2 or ~> 2.0", [hex: :plug_crypto, repo: "hexpm", optional: false]}, {:telemetry, "~> 0.4.3 or ~> 1.0", [hex: :telemetry, repo: "hexpm", optional: false]}], "hexpm", "be266aee1b8536ef6409d58cf39a3121319f0ec47cfa1b24024485aa0e76ad76"},
  "plug_crypto": {:hex, :plug_crypto, "2.2.0", "144014737daaf485407f5ed77daeaad74d651b216a28c87543f8cc7043f8efc8", [:mix], [], "hexpm", "83a95744ab1c75876542b6fab135fcc176280e0f301a111c1f757fddcec95d2c"},
  "postgrex": {:hex, :postgrex, "0.22.4", "d271f595dfd25230b6398354e19d17bb5e2d20130fd2d9bdca7e15f125d43552", [:mix], [{:db_connection, "~> 2.9", [hex: :db_connection, repo: "hexpm", optional: false]}, {:decimal, "~> 1.5 or ~> 2.0 or ~> 3.0", [hex: :decimal, repo: "hexpm", optional: false]}, {:jason, "~> 1.0", [hex: :jason, repo: "hexpm", optional: true]}, {:table, "~> 0.1.0", [hex: :table, repo: "hexpm", optional: true]}], "hexpm", "4aae45a2d60e35b04eea2602440be152fae332901f1fc7a60fc7cb7f0f9a9c5a"},
  "reactor": {:hex, :reactor, "1.0.6", "546a87255693bcee99451d022cc86927161cdb527f5216d4dcac2b31e08eb122", [:mix], [{:igniter, "~> 0.4", [hex: :igniter, repo: "hexpm", optional: true]}, {:iterex, "~> 0.1", [hex: :iterex, repo: "hexpm", optional: false]}, {:jason, "~> 1.0", [hex: :jason, repo: "hexpm", optional: false]}, {:multigraph, "~> 0.16.1-mg.2", [hex: :multigraph, repo: "hexpm", optional: false]}, {:spark, ">= 2.3.3 and < 3.0.0-0", [hex: :spark, repo: "hexpm", optional: false]}, {:splode, "~> 0.2", [hex: :splode, repo: "hexpm", optional: false]}, {:telemetry, "~> 1.2", [hex: :telemetry, repo: "hexpm", optional: false]}, {:yaml_elixir, "~> 2.11", [hex: :yaml_elixir, repo: "hexpm", optional: false]}, {:ymlr, "~> 5.0", [hex: :ymlr, repo: "hexpm", optional: false]}], "hexpm", "e3f8fd8e870c2b011316ca2ac422bb4bc710cac9f02c578f8526f7a6348d932b"},
  "slugify": {:hex, :slugify, "1.3.1", "0d3b8b7e5c1eeaa960e44dce94382bee34a39b3ea239293e457a9c5b47cc6fd3", [:mix], [], "hexpm", "cb090bbeb056b312da3125e681d98933a360a70d327820e4b7f91645c4d8be76"},
  "solid_ash": {:git, "https://github.com/vintrepid/solid_ash.git", "3569fe9027733cef44fac560081b78bb470758d5", [ref: "3569fe9027733cef44fac560081b78bb470758d5"]},
  "spark": {:hex, :spark, "2.7.2", "36becc6ff03b40908cc821d403d7f06d893498e293d2f718afc6ca097fcb9d93", [:mix], [{:igniter, ">= 0.3.64 and < 1.0.0-0", [hex: :igniter, repo: "hexpm", optional: true]}, {:jason, "~> 1.4", [hex: :jason, repo: "hexpm", optional: true]}, {:sourceror, "~> 1.2", [hex: :sourceror, repo: "hexpm", optional: true]}], "hexpm", "adb323ddbf9dbbe326f9e5def54ac96c47911e852b2c270bb19a5147c56f1b45"},
  "splode": {:hex, :splode, "0.3.2", "7716b6b2260a98a6f018c65cc0393da2cdf17314202eb351a0956e8762190dff", [:mix], [], "hexpm", "08fd658f80da7f1cd254b149164dcff8acd44b22f032001d5416b97223d32bc9"},
  "stream_data": {:hex, :stream_data, "1.4.0", "026f929db613aabea6208012ae9b8970d3fd5f88b3bdf26831bc536f98c42036", [:mix], [], "hexpm", "2b0ee3a340dcce1c8cf6302a763ee757d1e01c54d6e16d9069062509d68b1dc9"},
  "telemetry": {:hex, :telemetry, "1.4.2", "a0cb522801dffb1c49fe6e30561badffc7b6d0e180db1300df759faa22062855", [:rebar3], [], "hexpm", "928f6495066506077862c0d1646609eed891a4326bee3126ba54b60af61febb1"},
  "websock": {:hex, :websock, "0.5.3", "2f69a6ebe810328555b6fe5c831a851f485e303a7c8ce6c5f675abeb20ebdadc", [:mix], [], "hexpm", "6105453d7fac22c712ad66fab1d45abdf049868f253cf719b625151460b8b453"},
  "websock_adapter": {:hex, :websock_adapter, "0.6.0", "73db5ab8aaefd1a876a97ce3e6afc96562625de69ef17a4e04426e034849d0b8", [:mix], [{:bandit, ">= 0.6.0", [hex: :bandit, repo: "hexpm", optional: true]}, {:plug, "~> 1.14", [hex: :plug, repo: "hexpm", optional: false]}, {:plug_cowboy, "~> 2.6", [hex: :plug_cowboy, repo: "hexpm", optional: true]}, {:websock, "~> 0.5", [hex: :websock, repo: "hexpm", optional: false]}], "hexpm", "50021a85bce8f203b086705d9e0c5415e2c7eb05d319111b0428fe71f9934617"},
  "xema": {:hex, :xema, "0.17.9", "10bd9eae3fdcdd810229afc53fe7fb87026141d5081965fe10eddc203299ca74", [:mix], [{:conv_case, "~> 0.2.2", [hex: :conv_case, repo: "hexpm", optional: false]}, {:decimal, "~> 1.0 or ~> 2.0 or ~> 3.0", [hex: :decimal, repo: "hexpm", optional: true]}], "hexpm", "5cb8757c006ee57423fc8f076f3289377dedce9baeb93d1997d6f19d5cee73a8"},
  "yamerl": {:hex, :yamerl, "0.10.0", "4ff81fee2f1f6a46f1700c0d880b24d193ddb74bd14ef42cb0bcf46e81ef2f8e", [:rebar3], [], "hexpm", "346adb2963f1051dc837a2364e4acf6eb7d80097c0f53cbdc3046ec8ec4b4e6e"},
  "yaml_elixir": {:hex, :yaml_elixir, "2.12.2", "9dd1330fb4cd9a36a7b0f502e5b12486eff632792ee4a5f0eba52a4d4ec32c9c", [:mix], [{:yamerl, "~> 0.10", [hex: :yamerl, repo: "hexpm", optional: false]}], "hexpm", "e7c1b10122f973e6558462d51c39026ba0e14afbc6745318e990ea82cfe9e159"},
  "ymlr": {:hex, :ymlr, "5.1.6", "247479328fd5ea1e222ee59ecd5571ab2885cf1a6329aea458d4944cd035cfc1", [:mix], [], "hexpm", "b36d7c72384d2cb2094d2a3c8b0c3b12303e0ccd1b7b12333b81d75b1fe0b53a"},
}
